
Microsoft Visual Studio Solution File, Format Version 12.00
# Visual Studio Version 16
VisualStudioVersion = 16.0.29926.136
MinimumVisualStudioVersion = 10.0.40219.1
Project("{8BC9CEB8-8B4A-11D0-8D11-00A0C91BC942}") = "H8ASM", "H8ASM\H8ASM.vcxproj", "{0C0E2928-9160-45FA-8B52-4833D6EE8C8E}"
EndProject
Global
	GlobalSection(SolutionConfigurationPlatforms) = preSolution
		Debug|x64 = Debug|x64
		Debug|x86 = Debug|x86
		Release|x64 = Release|x64
		Release|x86 = Release|x86
	EndGlobalSection
	GlobalSection(ProjectConfigurationPlatforms) = postSolution
		{0C0E2928-9160-45FA-8B52-4833D6EE8C8E}.Debug|x64.ActiveCfg = Debug|x64
		{0C0E2928-9160-45FA-8B52-4833D6EE8C8E}.Debug|x64.Build.0 = Debug|x64
		{0C0E2928-9160-45FA-8B52-4833D6EE8C8E}.Debug|x86.ActiveCfg = Debug|Win32
		{0C0E2928-9160-45FA-8B52-4833D6EE8C8E}.Debug|x86.Build.0 = Debug|Win32
		{0C0E2928-9160-45FA-8B52-4833D6EE8C8E}.Release|x64.ActiveCfg = Release|x64
		{0C0E2928-9160-45FA-8B52-4833D6EE8C8E}.Release|x64.Build.0 = Release|x64
		{0C0E2928-9160-45FA-8B52-4833D6EE8C8E}.Release|x86.ActiveCfg = Release|Win32
		{0C0E2928-9160-45FA-8B52-4833D6EE8C8E}.Release|x86.Build.0 = Release|Win32
	EndGlobalSection
	GlobalSection(SolutionProperties) = preSolution
		HideSolutionNode = FALSE
	EndGlobalSection
	GlobalSection(ExtensibilityGlobals) = postSolution
		SolutionGuid = {59F14DA4-0CE3-4829-A7E9-DA7DBE46CB89}
	EndGlobalSection
EndGlobal
